{
  "version": 4,
  "terraform_version": "1.0.11",
  "serial": 5,
  "lineage": "d0e6a01d-233f-1f71-6726-5a54ced14615",
  "outputs": {},
  "resources": [
    {
      "mode": "managed",
      "type": "azurerm_container_group",
      "name": "tfcg_test",
      "provider": "provider[\"registry.terraform.io/hashicorp/azurerm\"]",
      "instances": [
        {
          "schema_version": 0,
          "attributes": {
            "container": [
              {
                "commands": [],
                "cpu": 1,
                "environment_variables": null,
                "gpu": [],
                "image": "mvximvs/weatherapi",
                "liveness_probe": [],
                "memory": 1,
                "name": "weatherapi",
                "ports": [
                  {
                    "port": 80,
                    "protocol": "TCP"
                  }
                ],
                "readiness_probe": [],
                "secure_environment_variables": null,
                "volume": []
              }
            ],
            "diagnostics": [],
            "dns_config": [],
            "dns_name_label": "binarythistlewa",
            "exposed_port": [
              {
                "port": 80,
                "protocol": "TCP"
              }
            ],
            "fqdn": "binarythistlewa.francecentral.azurecontainer.io",
            "id": "/subscriptions/5317028d-9813-41ee-b6a4-9cad5ae7bf77/resourceGroups/tfmainrg/providers/Microsoft.ContainerInstance/containerGroups/weatherapi",
            "identity": [],
            "image_registry_credential": [],
            "ip_address": "51.11.235.160",
            "ip_address_type": "Public",
            "location": "francecentral",
            "name": "weatherapi",
            "network_profile_id": null,
            "os_type": "Linux",
            "resource_group_name": "tfmainrg",
            "restart_policy": "Always",
            "tags": null,
            "timeouts": null
          },
          "sensitive_attributes": [],
          "private": "eyJlMmJmYjczMC1lY2FhLTExZTYtOGY4OC0zNDM2M2JjN2M0YzAiOnsiY3JlYXRlIjoxODAwMDAwMDAwMDAwLCJkZWxldGUiOjE4MDAwMDAwMDAwMDAsInJlYWQiOjMwMDAwMDAwMDAwMCwidXBkYXRlIjoxODAwMDAwMDAwMDAwfX0=",
          "dependencies": [
            "azurerm_resource_group.tf_test"
          ]
        }
      ]
    },
    {
      "mode": "managed",
      "type": "azurerm_resource_group",
      "name": "tf_test",
      "provider": "provider[\"registry.terraform.io/hashicorp/azurerm\"]",
      "instances": [
        {
          "schema_version": 0,
          "attributes": {
            "id": "/subscriptions/5317028d-9813-41ee-b6a4-9cad5ae7bf77/resourceGroups/tfmainrg",
            "location": "francecentral",
            "name": "tfmainrg",
            "tags": {},
            "timeouts": null
          },
          "sensitive_attributes": [],
          "private": "eyJlMmJmYjczMC1lY2FhLTExZTYtOGY4OC0zNDM2M2JjN2M0YzAiOnsiY3JlYXRlIjo1NDAwMDAwMDAwMDAwLCJkZWxldGUiOjU0MDAwMDAwMDAwMDAsInJlYWQiOjMwMDAwMDAwMDAwMCwidXBkYXRlIjo1NDAwMDAwMDAwMDAwfX0="
        }
      ]
    }
  ]
}
